
Microsoft Visual Studio Solution File, Format Version 12.00
# Visual Studio 15
Project("{2150E333-8FDC-42A3-9474-1A3956D46DE8}") = "Tests", "Tests", "{2FD30636-4BDB-40F3-85E9-FC90D802EBD5}"
EndProject
Project("{FAE04EC0-301F-11D3-BF4B-00C04F79EFBC}") = "Services.Tests", "Services.Tests\Services.Tests.csproj", "{AB4B735F-3582-4EB7-99C6-0ECDBCBC69EF}"
EndProject
Project("{2150E333-8FDC-42A3-9474-1A3956D46DE8}") = "Specs", "Specs", "{88402F56-47E7-4719-89E1-85702B59D78B}"
EndProject
Project("{FAE04EC0-301F-11D3-BF4B-00C04F79EFBC}") = "Services.Specs", "Services.Specs\Services.Specs.csproj", "{72E4C528-E6AE-4986-A297-813F3054ECBB}"
EndProject
Project("{FAE04EC0-301F-11D3-BF4B-00C04F79EFBC}") = "MinimalAPIs", "MinimalAPIs\MinimalAPIs.csproj", "{FE07514C-63B4-4F7D-B71D-75C008D42F29}"
EndProject
Project("{FAE04EC0-301F-11D3-BF4B-00C04F79EFBC}") = "App", "App\App.csproj", "{6CE210CC-283E-46BB-A253-868B3E749128}"
EndProject
Project("{FAE04EC0-301F-11D3-BF4B-00C04F79EFBC}") = "Collections", "Collections\Collections.csproj", "{ECD0337D-D85C-4B01-AD11-916C654524B5}"
EndProject
Project("{FAE04EC0-301F-11D3-BF4B-00C04F79EFBC}") = "Resource", "Resource\Resource.csproj", "{6B0BCC9F-F352-46C5-A595-6BD3AB6F8408}"
EndProject
Project("{FAE04EC0-301F-11D3-BF4B-00C04F79EFBC}") = "Services", "Services\Services.csproj", "{8121BC7D-C8A4-4FB5-818A-B9CDCA76E155}"
EndProject
Project("{FAE04EC0-301F-11D3-BF4B-00C04F79EFBC}") = "Collection.Tests", "Collection.Tests\Collection.Tests.csproj", "{73F550D2-A4F4-48BC-9F2F-1A8988A9FFF2}"
EndProject
Global
	GlobalSection(SolutionConfigurationPlatforms) = preSolution
		Debug|Any CPU = Debug|Any CPU
		Release|Any CPU = Release|Any CPU
	EndGlobalSection
	GlobalSection(ProjectConfigurationPlatforms) = postSolution
		{AB4B735F-3582-4EB7-99C6-0ECDBCBC69EF}.Debug|Any CPU.ActiveCfg = Debug|Any CPU
		{AB4B735F-3582-4EB7-99C6-0ECDBCBC69EF}.Debug|Any CPU.Build.0 = Debug|Any CPU
		{AB4B735F-3582-4EB7-99C6-0ECDBCBC69EF}.Release|Any CPU.ActiveCfg = Release|Any CPU
		{AB4B735F-3582-4EB7-99C6-0ECDBCBC69EF}.Release|Any CPU.Build.0 = Release|Any CPU
		{72E4C528-E6AE-4986-A297-813F3054ECBB}.Debug|Any CPU.ActiveCfg = Debug|Any CPU
		{72E4C528-E6AE-4986-A297-813F3054ECBB}.Debug|Any CPU.Build.0 = Debug|Any CPU
		{72E4C528-E6AE-4986-A297-813F3054ECBB}.Release|Any CPU.ActiveCfg = Release|Any CPU
		{72E4C528-E6AE-4986-A297-813F3054ECBB}.Release|Any CPU.Build.0 = Release|Any CPU
		{FE07514C-63B4-4F7D-B71D-75C008D42F29}.Debug|Any CPU.ActiveCfg = Debug|Any CPU
		{FE07514C-63B4-4F7D-B71D-75C008D42F29}.Debug|Any CPU.Build.0 = Debug|Any CPU
		{FE07514C-63B4-4F7D-B71D-75C008D42F29}.Release|Any CPU.ActiveCfg = Release|Any CPU
		{FE07514C-63B4-4F7D-B71D-75C008D42F29}.Release|Any CPU.Build.0 = Release|Any CPU
		{6CE210CC-283E-46BB-A253-868B3E749128}.Debug|Any CPU.ActiveCfg = Debug|Any CPU
		{6CE210CC-283E-46BB-A253-868B3E749128}.Debug|Any CPU.Build.0 = Debug|Any CPU
		{6CE210CC-283E-46BB-A253-868B3E749128}.Release|Any CPU.ActiveCfg = Release|Any CPU
		{6CE210CC-283E-46BB-A253-868B3E749128}.Release|Any CPU.Build.0 = Release|Any CPU
		{ECD0337D-D85C-4B01-AD11-916C654524B5}.Debug|Any CPU.ActiveCfg = Debug|Any CPU
		{ECD0337D-D85C-4B01-AD11-916C654524B5}.Debug|Any CPU.Build.0 = Debug|Any CPU
		{ECD0337D-D85C-4B01-AD11-916C654524B5}.Release|Any CPU.ActiveCfg = Release|Any CPU
		{ECD0337D-D85C-4B01-AD11-916C654524B5}.Release|Any CPU.Build.0 = Release|Any CPU
		{6B0BCC9F-F352-46C5-A595-6BD3AB6F8408}.Debug|Any CPU.ActiveCfg = Debug|Any CPU
		{6B0BCC9F-F352-46C5-A595-6BD3AB6F8408}.Debug|Any CPU.Build.0 = Debug|Any CPU
		{6B0BCC9F-F352-46C5-A595-6BD3AB6F8408}.Release|Any CPU.ActiveCfg = Release|Any CPU
		{6B0BCC9F-F352-46C5-A595-6BD3AB6F8408}.Release|Any CPU.Build.0 = Release|Any CPU
		{8121BC7D-C8A4-4FB5-818A-B9CDCA76E155}.Debug|Any CPU.ActiveCfg = Debug|Any CPU
		{8121BC7D-C8A4-4FB5-818A-B9CDCA76E155}.Debug|Any CPU.Build.0 = Debug|Any CPU
		{8121BC7D-C8A4-4FB5-818A-B9CDCA76E155}.Release|Any CPU.ActiveCfg = Release|Any CPU
		{8121BC7D-C8A4-4FB5-818A-B9CDCA76E155}.Release|Any CPU.Build.0 = Release|Any CPU
		{73F550D2-A4F4-48BC-9F2F-1A8988A9FFF2}.Debug|Any CPU.ActiveCfg = Debug|Any CPU
		{73F550D2-A4F4-48BC-9F2F-1A8988A9FFF2}.Debug|Any CPU.Build.0 = Debug|Any CPU
		{73F550D2-A4F4-48BC-9F2F-1A8988A9FFF2}.Release|Any CPU.ActiveCfg = Release|Any CPU
		{73F550D2-A4F4-48BC-9F2F-1A8988A9FFF2}.Release|Any CPU.Build.0 = Release|Any CPU
	EndGlobalSection
	GlobalSection(NestedProjects) = preSolution
		{AB4B735F-3582-4EB7-99C6-0ECDBCBC69EF} = {2FD30636-4BDB-40F3-85E9-FC90D802EBD5}
		{72E4C528-E6AE-4986-A297-813F3054ECBB} = {88402F56-47E7-4719-89E1-85702B59D78B}
		{73F550D2-A4F4-48BC-9F2F-1A8988A9FFF2} = {2FD30636-4BDB-40F3-85E9-FC90D802EBD5}
	EndGlobalSection
EndGlobal
